Microsoft Visual Studio Solution File, Format Version 11.00
# Visual Studio 2008

Project("{D41C9382-A6E0-14AD-7423-4F33D913564B}") = "projectdio_alpha", "Assembly-CSharp-firstpass.csproj", "{0634286A-3065-35D7-3E34-031D3292BECA}"
EndProject
Project("{D41C9382-A6E0-14AD-7423-4F33D913564B}") = "projectdio_alpha", "Assembly-CSharp.csproj", "{BDB2BCF8-F258-E8AA-DBE1-94E42854E0F3}"
EndProject
Project("{D41C9382-A6E0-14AD-7423-4F33D913564B}") = "projectdio_alpha", "Assembly-CSharp-Editor.csproj", "{20D873B6-75B2-6E36-4B58-FA7D05140A86}"
EndProject
Project("{D41C9382-A6E0-14AD-7423-4F33D913564B}") = "projectdio_alpha", "Assembly-UnityScript-firstpass.unityproj", "{21E4EFD0-84FB-7575-1A2A-F3CFE1FCB1A1}"
EndProject
Project("{D41C9382-A6E0-14AD-7423-4F33D913564B}") = "projectdio_alpha", "Assembly-UnityScript.unityproj", "{BA8D618A-C1DB-A933-5A63-E169933C371C}"
EndProject
Global
	GlobalSection(SolutionConfigurationPlatforms) = preSolution
		Debug|Any CPU = Debug|Any CPU
		Release|Any CPU = Release|Any CPU
	EndGlobalSection
	GlobalSection(ProjectConfigurationPlatforms) = postSolution
		{0634286A-3065-35D7-3E34-031D3292BECA}.Debug|Any CPU.ActiveCfg = Debug|Any CPU
		{0634286A-3065-35D7-3E34-031D3292BECA}.Debug|Any CPU.Build.0 = Debug|Any CPU
		{0634286A-3065-35D7-3E34-031D3292BECA}.Release|Any CPU.ActiveCfg = Release|Any CPU
		{0634286A-3065-35D7-3E34-031D3292BECA}.Release|Any CPU.Build.0 = Release|Any CPU
		{BDB2BCF8-F258-E8AA-DBE1-94E42854E0F3}.Debug|Any CPU.ActiveCfg = Debug|Any CPU
		{BDB2BCF8-F258-E8AA-DBE1-94E42854E0F3}.Debug|Any CPU.Build.0 = Debug|Any CPU
		{BDB2BCF8-F258-E8AA-DBE1-94E42854E0F3}.Release|Any CPU.ActiveCfg = Release|Any CPU
		{BDB2BCF8-F258-E8AA-DBE1-94E42854E0F3}.Release|Any CPU.Build.0 = Release|Any CPU
		{20D873B6-75B2-6E36-4B58-FA7D05140A86}.Debug|Any CPU.ActiveCfg = Debug|Any CPU
		{20D873B6-75B2-6E36-4B58-FA7D05140A86}.Debug|Any CPU.Build.0 = Debug|Any CPU
		{20D873B6-75B2-6E36-4B58-FA7D05140A86}.Release|Any CPU.ActiveCfg = Release|Any CPU
		{20D873B6-75B2-6E36-4B58-FA7D05140A86}.Release|Any CPU.Build.0 = Release|Any CPU
		{21E4EFD0-84FB-7575-1A2A-F3CFE1FCB1A1}.Debug|Any CPU.ActiveCfg = Debug|Any CPU
		{21E4EFD0-84FB-7575-1A2A-F3CFE1FCB1A1}.Debug|Any CPU.Build.0 = Debug|Any CPU
		{21E4EFD0-84FB-7575-1A2A-F3CFE1FCB1A1}.Release|Any CPU.ActiveCfg = Release|Any CPU
		{21E4EFD0-84FB-7575-1A2A-F3CFE1FCB1A1}.Release|Any CPU.Build.0 = Release|Any CPU
		{BA8D618A-C1DB-A933-5A63-E169933C371C}.Debug|Any CPU.ActiveCfg = Debug|Any CPU
		{BA8D618A-C1DB-A933-5A63-E169933C371C}.Debug|Any CPU.Build.0 = Debug|Any CPU
		{BA8D618A-C1DB-A933-5A63-E169933C371C}.Release|Any CPU.ActiveCfg = Release|Any CPU
		{BA8D618A-C1DB-A933-5A63-E169933C371C}.Release|Any CPU.Build.0 = Release|Any CPU
	EndGlobalSection
	GlobalSection(SolutionProperties) = preSolution
		HideSolutionNode = FALSE
	EndGlobalSection
																						GlobalSection(MonoDevelopProperties) = preSolution
		StartupItem = Assembly-CSharp.csproj
		Policies = $0
		$0.TextStylePolicy = $1
		$1.inheritsSet = null
		$1.scope = text/x-csharp
		$0.CSharpFormattingPolicy = $2
		$2.inheritsSet = Mono
		$2.inheritsScope = text/x-csharp
		$2.scope = text/x-csharp
		$0.TextStylePolicy = $3
		$3.FileWidth = 120
		$3.TabWidth = 4
		$3.EolMarker = Unix
		$3.inheritsSet = Mono
		$3.inheritsScope = text/plain
		$3.scope = text/plain
	EndGlobalSection

EndGlobal
